// !$*UTF8*$!
{
	archiveVersion = 1;
	classes = {
	};
	objectVersion = 50;
	objects = {

/* Begin PBXBuildFile section */
		D364E5F426B2EE8300235258 /* AppDelegate.swift in Sources */ = {isa = PBXBuildFile; fileRef = D364E5F326B2EE8300235258 /* AppDelegate.swift */; };
		D364E5F626B2EE8300235258 /* SceneDelegate.swift in Sources */ = {isa = PBXBuildFile; fileRef = D364E5F526B2EE8300235258 /* SceneDelegate.swift */; };
		D364E5F826B2EE8300235258 /* ViewController.swift in Sources */ = {isa = PBXBuildFile; fileRef = D364E5F726B2EE8300235258 /* ViewController.swift */; };
		D364E5FB26B2EE8300235258 /* Main.storyboard in Resources */ = {isa = PBXBuildFile; fileRef = D364E5F926B2EE8300235258 /* Main.storyboard */; };
		D364E5FE26B2EE8300235258 /* MiniProject1_5.xcdatamodeld in Sources */ = {isa = PBXBuildFile; fileRef = D364E5FC26B2EE8300235258 /* MiniProject1_5.xcdatamodeld */; };
		D364E60026B2EE8500235258 /* Assets.xcassets in Resources */ = {isa = PBXBuildFile; fileRef = D364E5FF26B2EE8500235258 /* Assets.xcassets */; };
		D364E60326B2EE8500235258 /* LaunchScreen.storyboard in Resources */ = {isa = PBXBuildFile; fileRef = D364E60126B2EE8500235258 /* LaunchScreen.storyboard */; };
		D364E60E26B2EE8500235258 /* MiniProject1_5Tests.swift in Sources */ = {isa = PBXBuildFile; fileRef = D364E60D26B2EE8500235258 /* MiniProject1_5Tests.swift */; };
		D364E61926B2EE8500235258 /* MiniProject1_5UITests.swift in Sources */ = {isa = PBXBuildFile; fileRef = D364E61826B2EE8500235258 /* MiniProject1_5UITests.swift */; };
/* End PBXBuildFile section */

/* Begin PBXContainerItemProxy section */
		D364E60A26B2EE8500235258 /* PBXContainerItemProxy */ = {
			isa = PBXContainerItemProxy;
			containerPortal = D364E5E826B2EE8200235258 /* Project object */;
			proxyType = 1;
			remoteGlobalIDString = D364E5EF26B2EE8200235258;
			remoteInfo = MiniProject1.5;
		};
		D364E61526B2EE8500235258 /* PBXContainerItemProxy */ = {
			isa = PBXContainerItemProxy;
			containerPortal = D364E5E826B2EE8200235258 /* Project object */;
			proxyType = 1;
			remoteGlobalIDString = D364E5EF26B2EE8200235258;
			remoteInfo = MiniProject1.5;
		};
/* End PBXContainerItemProxy section */

/* Begin PBXFileReference section */
		D364E5F026B2EE8200235258 /* MiniProject1.5.app */ = {isa = PBXFileReference; explicitFileType = wrapper.application; includeInIndex = 0; path = MiniProject1.5.app; sourceTree = BUILT_PRODUCTS_DIR; };
		D364E5F326B2EE8300235258 /* AppDelegate.swift */ = {isa = PBXFileReference; lastKnownFileType = sourcecode.swift; path = AppDelegate.swift; sourceTree = "<group>"; };
		D364E5F526B2EE8300235258 /* SceneDelegate.swift */ = {isa = PBXFileReference; lastKnownFileType = sourcecode.swift; path = SceneDelegate.swift; sourceTree = "<group>"; };
		D364E5F726B2EE8300235258 /* ViewController.swift */ = {isa = PBXFileReference; lastKnownFileType = sourcecode.swift; path = ViewController.swift; sourceTree = "<group>"; };
		D364E5FA26B2EE8300235258 /* Base */ = {isa = PBXFileReference; lastKnownFileType = file.storyboard; name = Base; path = Base.lproj/Main.storyboard; sourceTree = "<group>"; };
		D364E5FD26B2EE8300235258 /* MiniProject1_5.xcdatamodel */ = {isa = PBXFileReference; lastKnownFileType = wrapper.xcdatamodel; path = MiniProject1_5.xcdatamodel; sourceTree = "<group>"; };
		D364E5FF26B2EE8500235258 /* Assets.xcassets */ = {isa = PBXFileReference; lastKnownFileType = folder.assetcatalog; path = Assets.xcassets; sourceTree = "<group>"; };
		D364E60226B2EE8500235258 /* Base */ = {isa = PBXFileReference; lastKnownFileType = file.storyboard; name = Base; path = Base.lproj/LaunchScreen.storyboard; sourceTree = "<group>"; };
		D364E60426B2EE8500235258 /* Info.plist */ = {isa = PBXFileReference; lastKnownFileType = text.plist.xml; path = Info.plist; sourceTree = "<group>"; };
		D364E60926B2EE8500235258 /* MiniProject1.5Tests.xctest */ = {isa = PBXFileReference; explicitFileType = wrapper.cfbundle; includeInIndex = 0; path = MiniProject1.5Tests.xctest; sourceTree = BUILT_PRODUCTS_DIR; };
		D364E60D26B2EE8500235258 /* MiniProject1_5Tests.swift */ = {isa = PBXFileReference; lastKnownFileType = sourcecode.swift; path = MiniProject1_5Tests.swift; sourceTree = "<group>"; };
		D364E60F26B2EE8500235258 /* Info.plist */ = {isa = PBXFileReference; lastKnownFileType = text.plist.xml; path = Info.plist; sourceTree = "<group>"; };
		D364E61426B2EE8500235258 /* MiniProject1.5UITests.xctest */ = {isa = PBXFileReference; explicitFileType = wrapper.cfbundle; includeInIndex = 0; path = MiniProject1.5UITests.xctest; sourceTree = BUILT_PRODUCTS_DIR; };
		D364E61826B2EE8500235258 /* MiniProject1_5UITests.swift */ = {isa = PBXFileReference; lastKnownFileType = sourcecode.swift; path = MiniProject1_5UITests.swift; sourceTree = "<group>"; };
		D364E61A26B2EE8500235258 /* Info.plist */ = {isa = PBXFileReference; lastKnownFileType = text.plist.xml; path = Info.plist; sourceTree = "<group>"; };
/* End PBXFileReference section */

/* Begin PBXFrameworksBuildPhase section */
		D364E5ED26B2EE8200235258 /* Frameworks */ = {
			isa = PBXFrameworksBuildPhase;
			buildActionMask = 2147483647;
			files = (
			);
			runOnlyForDeploymentPostprocessing = 0;
		};
		D364E60626B2EE8500235258 /* Frameworks */ = {
			isa = PBXFrameworksBuildPhase;
			buildActionMask = 2147483647;
			files = (
			);
			runOnlyForDeploymentPostprocessing = 0;
		};
		D364E61126B2EE8500235258 /* Frameworks */ = {
			isa = PBXFrameworksBuildPhase;
			buildActionMask = 2147483647;
			files = (
			);
			runOnlyForDeploymentPostprocessing = 0;
		};
/* End PBXFrameworksBuildPhase section */

/* Begin PBXGroup section */
		D364E5E726B2EE8200235258 = {
			isa = PBXGroup;
			children = (
				D364E5F226B2EE8200235258 /* MiniProject1.5 */,
				D364E60C26B2EE8500235258 /* MiniProject1.5Tests */,
				D364E61726B2EE8500235258 /* MiniProject1.5UITests */,
				D364E5F126B2EE8200235258 /* Products */,
			);
			sourceTree = "<group>";
		};
		D364E5F126B2EE8200235258 /* Products */ = {
			isa = PBXGroup;
			children = (
				D364E5F026B2EE8200235258 /* MiniProject1.5.app */,
				D364E60926B2EE8500235258 /* MiniProject1.5Tests.xctest */,
				D364E61426B2EE8500235258 /* MiniProject1.5UITests.xctest */,
			);
			name = Products;
			sourceTree = "<group>";
		};
		D364E5F226B2EE8200235258 /* MiniProject1.5 */ = {
			isa = PBXGroup;
			children = (
				D364E5F326B2EE8300235258 /* AppDelegate.swift */,
				D364E5F526B2EE8300235258 /* SceneDelegate.swift */,
				D364E5F726B2EE8300235258 /* ViewController.swift */,
				D364E5F926B2EE8300235258 /* Main.storyboard */,
				D364E5FF26B2EE8500235258 /* Assets.xcassets */,
				D364E60126B2EE8500235258 /* LaunchScreen.storyboard */,
				D364E60426B2EE8500235258 /* Info.plist */,
				D364E5FC26B2EE8300235258 /* MiniProject1_5.xcdatamodeld */,
			);
			path = MiniProject1.5;
			sourceTree = "<group>";
		};
		D364E60C26B2EE8500235258 /* MiniProject1.5Tests */ = {
			isa = PBXGroup;
			children = (
				D364E60D26B2EE8500235258 /* MiniProject1_5Tests.swift */,
				D364E60F26B2EE8500235258 /* Info.plist */,
			);
			path = MiniProject1.5Tests;
			sourceTree = "<group>";
		};
		D364E61726B2EE8500235258 /* MiniProject1.5UITests */ = {
			isa = PBXGroup;
			children = (
				D364E61826B2EE8500235258 /* MiniProject1_5UITests.swift */,
				D364E61A26B2EE8500235258 /* Info.plist */,
			);
			path = MiniProject1.5UITests;
			sourceTree = "<group>";
		};
/* End PBXGroup section */

/* Begin PBXNativeTarget section */
		D364E5EF26B2EE8200235258 /* MiniProject1.5 */ = {
			isa = PBXNativeTarget;
			buildConfigurationList = D364E61D26B2EE8500235258 /* Build configuration list for PBXNativeTarget "MiniProject1.5" */;
			buildPhases = (
				D364E5EC26B2EE8200235258 /* Sources */,
				D364E5ED26B2EE8200235258 /* Frameworks */,
				D364E5EE26B2EE8200235258 /* Resources */,
			);
			buildRules = (
			);
			dependencies = (
			);
			name = MiniProject1.5;
			productName = MiniProject1.5;
			productReference = D364E5F026B2EE8200235258 /* MiniProject1.5.app */;
			productType = "com.apple.product-type.application";
		};
		D364E60826B2EE8500235258 /* MiniProject1.5Tests */ = {
			isa = PBXNativeTarget;
			buildConfigurationList = D364E62026B2EE8500235258 /* Build configuration list for PBXNativeTarget "MiniProject1.5Tests" */;
			buildPhases = (
				D364E60526B2EE8500235258 /* Sources */,
				D364E60626B2EE8500235258 /* Frameworks */,
				D364E60726B2EE8500235258 /* Resources */,
			);
			buildRules = (
			);
			dependencies = (
				D364E60B26B2EE8500235258 /* PBXTargetDependency */,
			);
			name = MiniProject1.5Tests;
			productName = MiniProject1.5Tests;
			productReference = D364E60926B2EE8500235258 /* MiniProject1.5Tests.xctest */;
			productType = "com.apple.product-type.bundle.unit-test";
		};
		D364E61326B2EE8500235258 /* MiniProject1.5UITests */ = {
			isa = PBXNativeTarget;
			buildConfigurationList = D364E62326B2EE8500235258 /* Build configuration list for PBXNativeTarget "MiniProject1.5UITests" */;
			buildPhases = (
				D364E61026B2EE8500235258 /* Sources */,
				D364E61126B2EE8500235258 /* Frameworks */,
				D364E61226B2EE8500235258 /* Resources */,
			);
			buildRules = (
			);
			dependencies = (
				D364E61626B2EE8500235258 /* PBXTargetDependency */,
			);
			name = MiniProject1.5UITests;
			productName = MiniProject1.5UITests;
			productReference = D364E61426B2EE8500235258 /* MiniProject1.5UITests.xctest */;
			productType = "com.apple.product-type.bundle.ui-testing";
		};
/* End PBXNativeTarget section */

/* Begin PBXProject section */
		D364E5E826B2EE8200235258 /* Project object */ = {
			isa = PBXProject;
			attributes = {
				LastSwiftUpdateCheck = 1250;
				LastUpgradeCheck = 1250;
				TargetAttributes = {
					D364E5EF26B2EE8200235258 = {
						CreatedOnToolsVersion = 12.5.1;
					};
					D364E60826B2EE8500235258 = {
						CreatedOnToolsVersion = 12.5.1;
						TestTargetID = D364E5EF26B2EE8200235258;
					};
					D364E61326B2EE8500235258 = {
						CreatedOnToolsVersion = 12.5.1;
						TestTargetID = D364E5EF26B2EE8200235258;
					};
				};
			};
			buildConfigurationList = D364E5EB26B2EE8200235258 /* Build configuration list for PBXProject "MiniProject1.5" */;
			compatibilityVersion = "Xcode 9.3";
			developmentRegion = en;
			hasScannedForEncodings = 0;
			knownRegions = (
				en,
				Base,
			);
			mainGroup = D364E5E726B2EE8200235258;
			productRefGroup = D364E5F126B2EE8200235258 /* Products */;
			projectDirPath = "";
			projectRoot = "";
			targets = (
				D364E5EF26B2EE8200235258 /* MiniProject1.5 */,
				D364E60826B2EE8500235258 /* MiniProject1.5Tests */,
				D364E61326B2EE8500235258 /* MiniProject1.5UITests */,
			);
		};
/* End PBXProject section */

/* Begin PBXResourcesBuildPhase section */
		D364E5EE26B2EE8200235258 /* Resources */ = {
			isa = PBXResourcesBuildPhase;
			buildActionMask = 2147483647;
			files = (
				D364E60326B2EE8500235258 /* LaunchScreen.storyboard in Resources */,
				D364E60026B2EE8500235258 /* Assets.xcassets in Resources */,
				D364E5FB26B2EE8300235258 /* Main.storyboard in Resources */,
			);
			runOnlyForDeploymentPostprocessing = 0;
		};
		D364E60726B2EE8500235258 /* Resources */ = {
			isa = PBXResourcesBuildPhase;
			buildActionMask = 2147483647;
			files = (
			);
			runOnlyForDeploymentPostprocessing = 0;
		};
		D364E61226B2EE8500235258 /* Resources */ = {
			isa = PBXResourcesBuildPhase;
			buildActionMask = 2147483647;
			files = (
			);
			runOnlyForDeploymentPostprocessing = 0;
		};
/* End PBXResourcesBuildPhase section */

/* Begin PBXSourcesBuildPhase section */
		D364E5EC26B2EE8200235258 /* Sources */ = {
			isa = PBXSourcesBuildPhase;
			buildActionMask = 2147483647;
			files = (
				D364E5FE26B2EE8300235258 /* MiniProject1_5.xcdatamodeld in Sources */,
				D364E5F826B2EE8300235258 /* ViewController.swift in Sources */,
				D364E5F426B2EE8300235258 /* AppDelegate.swift in Sources */,
				D364E5F626B2EE8300235258 /* SceneDelegate.swift in Sources */,
			);
			runOnlyForDeploymentPostprocessing = 0;
		};
		D364E60526B2EE8500235258 /* Sources */ = {
			isa = PBXSourcesBuildPhase;
			buildActionMask = 2147483647;
			files = (
				D364E60E26B2EE8500235258 /* MiniProject1_5Tests.swift in Sources */,
			);
			runOnlyForDeploymentPostprocessing = 0;
		};
		D364E61026B2EE8500235258 /* Sources */ = {
			isa = PBXSourcesBuildPhase;
			buildActionMask = 2147483647;
			files = (
				D364E61926B2EE8500235258 /* MiniProject1_5UITests.swift in Sources */,
			);
			runOnlyForDeploymentPostprocessing = 0;
		};
/* End PBXSourcesBuildPhase section */

/* Begin PBXTargetDependency section */
		D364E60B26B2EE8500235258 /* PBXTargetDependency */ = {
			isa = PBXTargetDependency;
			target = D364E5EF26B2EE8200235258 /* MiniProject1.5 */;
			targetProxy = D364E60A26B2EE8500235258 /* PBXContainerItemProxy */;
		};
		D364E61626B2EE8500235258 /* PBXTargetDependency */ = {
			isa = PBXTargetDependency;
			target = D364E5EF26B2EE8200235258 /* MiniProject1.5 */;
			targetProxy = D364E61526B2EE8500235258 /* PBXContainerItemProxy */;
		};
/* End PBXTargetDependency section */

/* Begin PBXVariantGroup section */
		D364E5F926B2EE8300235258 /* Main.storyboard */ = {
			isa = PBXVariantGroup;
			children = (
				D364E5FA26B2EE8300235258 /* Base */,
			);
			name = Main.storyboard;
			sourceTree = "<group>";
		};
		D364E60126B2EE8500235258 /* LaunchScreen.storyboard */ = {
			isa = PBXVariantGroup;
			children = (
				D364E60226B2EE8500235258 /* Base */,
			);
			name = LaunchScreen.storyboard;
			sourceTree = "<group>";
		};
/* End PBXVariantGroup section */

/* Begin XCBuildConfiguration section */
		D364E61B26B2EE8500235258 /* Debug */ = {
			isa = XCBuildConfiguration;
			buildSettings = {
				ALWAYS_SEARCH_USER_PATHS = NO;
				CLANG_ANALYZER_NONNULL = YES;
				CLANG_ANALYZER_NUMBER_OBJECT_CONVERSION = YES_AGGRESSIVE;
				CLANG_CXX_LANGUAGE_STANDARD = "gnu++14";
				CLANG_CXX_LIBRARY = "libc++";
				CLANG_ENABLE_MODULES = YES;
				CLANG_ENABLE_OBJC_ARC = YES;
				CLANG_ENABLE_OBJC_WEAK = YES;
				CLANG_WARN_BLOCK_CAPTURE_AUTORELEASING = YES;
				CLANG_WARN_BOOL_CONVERSION = YES;
				CLANG_WARN_COMMA = YES;
				CLANG_WARN_CONSTANT_CONVERSION = YES;
				CLANG_WARN_DEPRECATED_OBJC_IMPLEMENTATIONS = YES;
				CLANG_WARN_DIRECT_OBJC_ISA_USAGE = YES_ERROR;
				CLANG_WARN_DOCUMENTATION_COMMENTS = YES;
				CLANG_WARN_EMPTY_BODY = YES;
				CLANG_WARN_ENUM_CONVERSION = YES;
				CLANG_WARN_INFINITE_RECURSION = YES;
				CLANG_WARN_INT_CONVERSION = YES;
				CLANG_WARN_NON_LITERAL_NULL_CONVERSION = YES;
				CLANG_WARN_OBJC_IMPLICIT_RETAIN_SELF = YES;
				CLANG_WARN_OBJC_LITERAL_CONVERSION = YES;
				CLANG_WARN_OBJC_ROOT_CLASS = YES_ERROR;
				CLANG_WARN_QUOTED_INCLUDE_IN_FRAMEWORK_HEADER = YES;
				CLANG_WARN_RANGE_LOOP_ANALYSIS = YES;
				CLANG_WARN_STRICT_PROTOTYPES = YES;
				CLANG_WARN_SUSPICIOUS_MOVE = YES;
				CLANG_WARN_UNGUARDED_AVAILABILITY = YES_AGGRESSIVE;
				CLANG_WARN_UNREACHABLE_CODE = YES;
				CLANG_WARN__DUPLICATE_METHOD_MATCH = YES;
				COPY_PHASE_STRIP = NO;
				DEBUG_INFORMATION_FORMAT = dwarf;
				ENABLE_STRICT_OBJC_MSGSEND = YES;
				ENABLE_TESTABILITY = YES;
				GCC_C_LANGUAGE_STANDARD = gnu11;
				GCC_DYNAMIC_NO_PIC = NO;
				GCC_NO_COMMON_BLOCKS = YES;
				GCC_OPTIMIZATION_LEVEL = 0;
				GCC_PREPROCESSOR_DEFINITIONS = (
					"DEBUG=1",
					"$(inherited)",
				);
				GCC_WARN_64_TO_32_BIT_CONVERSION = YES;
				GCC_WARN_ABOUT_RETURN_TYPE = YES_ERROR;
				GCC_WARN_UNDECLARED_SELECTOR = YES;
				GCC_WARN_UNINITIALIZED_AUTOS = YES_AGGRESSIVE;
				GCC_WARN_UNUSED_FUNCTION = YES;
				GCC_WARN_UNUSED_VARIABLE = YES;
				IPHONEOS_DEPLOYMENT_TARGET = 14.5;
				MTL_ENABLE_DEBUG_INFO = INCLUDE_SOURCE;
				MTL_FAST_MATH = YES;
				ONLY_ACTIVE_ARCH = YES;
				SDKROOT = iphoneos;
				SWIFT_ACTIVE_COMPILATION_CONDITIONS = DEBUG;
				SWIFT_OPTIMIZATION_LEVEL = "-Onone";
			};
			name = Debug;
		};
		D364E61C26B2EE8500235258 /* Release */ = {
			isa = XCBuildConfiguration;
			buildSettings = {
				ALWAYS_SEARCH_USER_PATHS = NO;
				CLANG_ANALYZER_NONNULL = YES;
				CLANG_ANALYZER_NUMBER_OBJECT_CONVERSION = YES_AGGRESSIVE;
				CLANG_CXX_LANGUAGE_STANDARD = "gnu++14";
				CLANG_CXX_LIBRARY = "libc++";
				CLANG_ENABLE_MODULES = YES;
				CLANG_ENABLE_OBJC_ARC = YES;
				CLANG_ENABLE_OBJC_WEAK = YES;
				CLANG_WARN_BLOCK_CAPTURE_AUTORELEASING = YES;
				CLANG_WARN_BOOL_CONVERSION = YES;
				CLANG_WARN_COMMA = YES;
				CLANG_WARN_CONSTANT_CONVERSION = YES;
				CLANG_WARN_DEPRECATED_OBJC_IMPLEMENTATIONS = YES;
				CLANG_WARN_DIRECT_OBJC_ISA_USAGE = YES_ERROR;
				CLANG_WARN_DOCUMENTATION_COMMENTS = YES;
				CLANG_WARN_EMPTY_BODY = YES;
				CLANG_WARN_ENUM_CONVERSION = YES;
				CLANG_WARN_INFINITE_RECURSION = YES;
				CLANG_WARN_INT_CONVERSION = YES;
				CLANG_WARN_NON_LITERAL_NULL_CONVERSION = YES;
				CLANG_WARN_OBJC_IMPLICIT_RETAIN_SELF = YES;
				CLANG_WARN_OBJC_LITERAL_CONVERSION = YES;
				CLANG_WARN_OBJC_ROOT_CLASS = YES_ERROR;
				CLANG_WARN_QUOTED_INCLUDE_IN_FRAMEWORK_HEADER = YES;
				CLANG_WARN_RANGE_LOOP_ANALYSIS = YES;
				CLANG_WARN_STRICT_PROTOTYPES = YES;
				CLANG_WARN_SUSPICIOUS_MOVE = YES;
				CLANG_WARN_UNGUARDED_AVAILABILITY = YES_AGGRESSIVE;
				CLANG_WARN_UNREACHABLE_CODE = YES;
				CLANG_WARN__DUPLICATE_METHOD_MATCH = YES;
				COPY_PHASE_STRIP = NO;
				DEBUG_INFORMATION_FORMAT = "dwarf-with-dsym";
				ENABLE_NS_ASSERTIONS = NO;
				ENABLE_STRICT_OBJC_MSGSEND = YES;
				GCC_C_LANGUAGE_STANDARD = gnu11;
				GCC_NO_COMMON_BLOCKS = YES;
				GCC_WARN_64_TO_32_BIT_CONVERSION = YES;
				GCC_WARN_ABOUT_RETURN_TYPE = YES_ERROR;
				GCC_WARN_UNDECLARED_SELECTOR = YES;
				GCC_WARN_UNINITIALIZED_AUTOS = YES_AGGRESSIVE;
				GCC_WARN_UNUSED_FUNCTION = YES;
				GCC_WARN_UNUSED_VARIABLE = YES;
				IPHONEOS_DEPLOYMENT_TARGET = 14.5;
				MTL_ENABLE_DEBUG_INFO = NO;
				MTL_FAST_MATH = YES;
				SDKROOT = iphoneos;
				SWIFT_COMPILATION_MODE = wholemodule;
				SWIFT_OPTIMIZATION_LEVEL = "-O";
				VALIDATE_PRODUCT = YES;
			};
			name = Release;
		};
		D364E61E26B2EE8500235258 /* Debug */ = {
			isa = XCBuildConfiguration;
			buildSettings = {
				ASSETCATALOG_COMPILER_APPICON_NAME = AppIcon;
				ASSETCATALOG_COMPILER_GLOBAL_ACCENT_COLOR_NAME = AccentColor;
				CODE_SIGN_STYLE = Automatic;
				INFOPLIST_FILE = MiniProject1.5/Info.plist;
				LD_RUNPATH_SEARCH_PATHS = (
					"$(inherited)",
					"@executable_path/Frameworks",
				);
				PRODUCT_BUNDLE_IDENTIFIER = "Test.MiniProject1-5";
				PRODUCT_NAME = "$(TARGET_NAME)";
				SWIFT_VERSION = 5.0;
				TARGETED_DEVICE_FAMILY = "1,2";
			};
			name = Debug;
		};
		D364E61F26B2EE8500235258 /* Release */ = {
			isa = XCBuildConfiguration;
			buildSettings = {
				ASSETCATALOG_COMPILER_APPICON_NAME = AppIcon;
				ASSETCATALOG_COMPILER_GLOBAL_ACCENT_COLOR_NAME = AccentColor;
				CODE_SIGN_STYLE = Automatic;
				INFOPLIST_FILE = MiniProject1.5/Info.plist;
				LD_RUNPATH_SEARCH_PATHS = (
					"$(inherited)",
					"@executable_path/Frameworks",
				);
				PRODUCT_BUNDLE_IDENTIFIER = "Test.MiniProject1-5";
				PRODUCT_NAME = "$(TARGET_NAME)";
				SWIFT_VERSION = 5.0;
				TARGETED_DEVICE_FAMILY = "1,2";
			};
			name = Release;
		};
		D364E62126B2EE8500235258 /* Debug */ = {
			isa = XCBuildConfiguration;
			buildSettings = {
				ALWAYS_EMBED_SWIFT_STANDARD_LIBRARIES = YES;
				BUNDLE_LOADER = "$(TEST_HOST)";
				CODE_SIGN_STYLE = Automatic;
				INFOPLIST_FILE = MiniProject1.5Tests/Info.plist;
				IPHONEOS_DEPLOYMENT_TARGET = 14.5;
				LD_RUNPATH_SEARCH_PATHS = (
					"$(inherited)",
					"@executable_path/Frameworks",
					"@loader_path/Frameworks",
				);
				PRODUCT_BUNDLE_IDENTIFIER = "Test.MiniProject1-5Tests";
				PRODUCT_NAME = "$(TARGET_NAME)";
				SWIFT_VERSION = 5.0;
				TARGETED_DEVICE_FAMILY = "1,2";
				TEST_HOST = "$(BUILT_PRODUCTS_DIR)/MiniProject1.5.app/MiniProject1.5";
			};
			name = Debug;
		};
		D364E62226B2EE8500235258 /* Release */ = {
			isa = XCBuildConfiguration;
			buildSettings = {
				ALWAYS_EMBED_SWIFT_STANDARD_LIBRARIES = YES;
				BUNDLE_LOADER = "$(TEST_HOST)";
				CODE_SIGN_STYLE = Automatic;
				INFOPLIST_FILE = MiniProject1.5Tests/Info.plist;
				IPHONEOS_DEPLOYMENT_TARGET = 14.5;
				LD_RUNPATH_SEARCH_PATHS = (
					"$(inherited)",
					"@executable_path/Frameworks",
					"@loader_path/Frameworks",
				);
				PRODUCT_BUNDLE_IDENTIFIER = "Test.MiniProject1-5Tests";
				PRODUCT_NAME = "$(TARGET_NAME)";
				SWIFT_VERSION = 5.0;
				TARGETED_DEVICE_FAMILY = "1,2";
				TEST_HOST = "$(BUILT_PRODUCTS_DIR)/MiniProject1.5.app/MiniProject1.5";
			};
			name = Release;
		};
		D364E62426B2EE8500235258 /* Debug */ = {
			isa = XCBuildConfiguration;
			buildSettings = {
				ALWAYS_EMBED_SWIFT_STANDARD_LIBRARIES = YES;
				CODE_SIGN_STYLE = Automatic;
				INFOPLIST_FILE = MiniProject1.5UITests/Info.plist;
				LD_RUNPATH_SEARCH_PATHS = (
					"$(inherited)",
					"@executable_path/Frameworks",
					"@loader_path/Frameworks",
				);
				PRODUCT_BUNDLE_IDENTIFIER = "Test.MiniProject1-5UITests";
				PRODUCT_NAME = "$(TARGET_NAME)";
				SWIFT_VERSION = 5.0;
				TARGETED_DEVICE_FAMILY = "1,2";
				TEST_TARGET_NAME = MiniProject1.5;
			};
			name = Debug;
		};
		D364E62526B2EE8500235258 /* Release */ = {
			isa = XCBuildConfiguration;
			buildSettings = {
				ALWAYS_EMBED_SWIFT_STANDARD_LIBRARIES = YES;
				CODE_SIGN_STYLE = Automatic;
				INFOPLIST_FILE = MiniProject1.5UITests/Info.plist;
				LD_RUNPATH_SEARCH_PATHS = (
					"$(inherited)",
					"@executable_path/Frameworks",
					"@loader_path/Frameworks",
				);
				PRODUCT_BUNDLE_IDENTIFIER = "Test.MiniProject1-5UITests";
				PRODUCT_NAME = "$(TARGET_NAME)";
				SWIFT_VERSION = 5.0;
				TARGETED_DEVICE_FAMILY = "1,2";
				TEST_TARGET_NAME = MiniProject1.5;
			};
			name = Release;
		};
/* End XCBuildConfiguration section */

/* Begin XCConfigurationList section */
		D364E5EB26B2EE8200235258 /* Build configuration list for PBXProject "MiniProject1.5" */ = {
			isa = XCConfigurationList;
			buildConfigurations = (
				D364E61B26B2EE8500235258 /* Debug */,
				D364E61C26B2EE8500235258 /* Release */,
			);
			defaultConfigurationIsVisible = 0;
			defaultConfigurationName = Release;
		};
		D364E61D26B2EE8500235258 /* Build configuration list for PBXNativeTarget "MiniProject1.5" */ = {
			isa = XCConfigurationList;
			buildConfigurations = (
				D364E61E26B2EE8500235258 /* Debug */,
				D364E61F26B2EE8500235258 /* Release */,
			);
			defaultConfigurationIsVisible = 0;
			defaultConfigurationName = Release;
		};
		D364E62026B2EE8500235258 /* Build configuration list for PBXNativeTarget "MiniProject1.5Tests" */ = {
			isa = XCConfigurationList;
			buildConfigurations = (
				D364E62126B2EE8500235258 /* Debug */,
				D364E62226B2EE8500235258 /* Release */,
			);
			defaultConfigurationIsVisible = 0;
			defaultConfigurationName = Release;
		};
		D364E62326B2EE8500235258 /* Build configuration list for PBXNativeTarget "MiniProject1.5UITests" */ = {
			isa = XCConfigurationList;
			buildConfigurations = (
				D364E62426B2EE8500235258 /* Debug */,
				D364E62526B2EE8500235258 /* Release */,
			);
			defaultConfigurationIsVisible = 0;
			defaultConfigurationName = Release;
		};
/* End XCConfigurationList section */

/* Begin XCVersionGroup section */
		D364E5FC26B2EE8300235258 /* MiniProject1_5.xcdatamodeld */ = {
			isa = XCVersionGroup;
			children = (
				D364E5FD26B2EE8300235258 /* MiniProject1_5.xcdatamodel */,
			);
			currentVersion = D364E5FD26B2EE8300235258 /* MiniProject1_5.xcdatamodel */;
			path = MiniProject1_5.xcdatamodeld;
			sourceTree = "<group>";
			versionGroupType = wrapper.xcdatamodel;
		};
/* End XCVersionGroup section */
	};
	rootObject = D364E5E826B2EE8200235258 /* Project object */;
}
